
Microsoft Visual Studio Solution File, Format Version 12.00
# Visual Studio 14
VisualStudioVersion = 14.0.25420.1
MinimumVisualStudioVersion = 10.0.40219.1
Project("{FAE04EC0-301F-11D3-BF4B-00C04F79EFBC}") = "Homework7", "Homework7\Homework7.csproj", "{DADB0ACA-5AE6-46FB-A618-44DC2D0AE024}"
EndProject
Global
	GlobalSection(SolutionConfigurationPlatforms) = preSolution
		Debug|Any CPU = Debug|Any CPU
		Release|Any CPU = Release|Any CPU
	EndGlobalSection
	GlobalSection(ProjectConfigurationPlatforms) = postSolution
		{DADB0ACA-5AE6-46FB-A618-44DC2D0AE024}.Debug|Any CPU.ActiveCfg = Debug|Any CPU
		{DADB0ACA-5AE6-46FB-A618-44DC2D0AE024}.Debug|Any CPU.Build.0 = Debug|Any CPU
		{DADB0ACA-5AE6-46FB-A618-44DC2D0AE024}.Release|Any CPU.ActiveCfg = Release|Any CPU
		{DADB0ACA-5AE6-46FB-A618-44DC2D0AE024}.Release|Any CPU.Build.0 = Release|Any CPU
	EndGlobalSection
	GlobalSection(SolutionProperties) = preSolution
		HideSolutionNode = FALSE
	EndGlobalSection
EndGlobal
